// !$*UTF8*$!
{
	archiveVersion = 1;
	classes = {
	};
	objectVersion = 50;
	objects = {

/* Begin PBXBuildFile section */
		015437D1A305473BA6A20441 /* Pods_Country.framework in Frameworks */ = {isa = PBXBuildFile; fileRef = B86C4D1D37F16A025914AE54 /* Pods_Country.framework */; };
		6B0968C120B9B61800CC5ED7 /* AppDelegate.swift in Sources */ = {isa = PBXBuildFile; fileRef = 6B0968C020B9B61800CC5ED7 /* AppDelegate.swift */; };
		6B0968C320B9B61800CC5ED7 /* ListViewController.swift in Sources */ = {isa = PBXBuildFile; fileRef = 6B0968C220B9B61800CC5ED7 /* ListViewController.swift */; };
		6B0968C620B9B61800CC5ED7 /* Main.storyboard in Resources */ = {isa = PBXBuildFile; fileRef = 6B0968C420B9B61800CC5ED7 /* Main.storyboard */; };
		6B0968C920B9B61800CC5ED7 /* Country.xcdatamodeld in Sources */ = {isa = PBXBuildFile; fileRef = 6B0968C720B9B61800CC5ED7 /* Country.xcdatamodeld */; };
		6B0968CB20B9B61A00CC5ED7 /* Assets.xcassets in Resources */ = {isa = PBXBuildFile; fileRef = 6B0968CA20B9B61A00CC5ED7 /* Assets.xcassets */; };
		6B0968CE20B9B61A00CC5ED7 /* LaunchScreen.storyboard in Resources */ = {isa = PBXBuildFile; fileRef = 6B0968CC20B9B61A00CC5ED7 /* LaunchScreen.storyboard */; };
		6B0968D920B9B61A00CC5ED7 /* CountryTests.swift in Sources */ = {isa = PBXBuildFile; fileRef = 6B0968D820B9B61A00CC5ED7 /* CountryTests.swift */; };
		6B0968E420B9B68900CC5ED7 /* Podfile in Sources */ = {isa = PBXBuildFile; fileRef = 6B0968E320B9B68900CC5ED7 /* Podfile */; };
		6B0968E620B9B98600CC5ED7 /* CountryViewController.swift in Sources */ = {isa = PBXBuildFile; fileRef = 6B0968E520B9B98600CC5ED7 /* CountryViewController.swift */; };
		6B0968E820B9BBC700CC5ED7 /* ContryInfo.swift in Sources */ = {isa = PBXBuildFile; fileRef = 6B0968E720B9BBC700CC5ED7 /* ContryInfo.swift */; };
		6B0968EA20B9C82100CC5ED7 /* GetCountry.swift in Sources */ = {isa = PBXBuildFile; fileRef = 6B0968E920B9C82100CC5ED7 /* GetCountry.swift */; };
/* End PBXBuildFile section */

/* Begin PBXContainerItemProxy section */
		6B0968D520B9B61A00CC5ED7 /* PBXContainerItemProxy */ = {
			isa = PBXContainerItemProxy;
			containerPortal = 6B0968B520B9B61800CC5ED7 /* Project object */;
			proxyType = 1;
			remoteGlobalIDString = 6B0968BC20B9B61800CC5ED7;
			remoteInfo = Country;
		};
/* End PBXContainerItemProxy section */

/* Begin PBXFileReference section */
		6B0968BD20B9B61800CC5ED7 /* Country.app */ = {isa = PBXFileReference; explicitFileType = wrapper.application; includeInIndex = 0; path = Country.app; sourceTree = BUILT_PRODUCTS_DIR; };
		6B0968C020B9B61800CC5ED7 /* AppDelegate.swift */ = {isa = PBXFileReference; lastKnownFileType = sourcecode.swift; path = AppDelegate.swift; sourceTree = "<group>"; };
		6B0968C220B9B61800CC5ED7 /* ListViewController.swift */ = {isa = PBXFileReference; lastKnownFileType = sourcecode.swift; path = ListViewController.swift; sourceTree = "<group>"; };
		6B0968C520B9B61800CC5ED7 /* Base */ = {isa = PBXFileReference; lastKnownFileType = file.storyboard; name = Base; path = Base.lproj/Main.storyboard; sourceTree = "<group>"; };
		6B0968C820B9B61800CC5ED7 /* Country.xcdatamodel */ = {isa = PBXFileReference; lastKnownFileType = wrapper.xcdatamodel; path = Country.xcdatamodel; sourceTree = "<group>"; };
		6B0968CA20B9B61A00CC5ED7 /* Assets.xcassets */ = {isa = PBXFileReference; lastKnownFileType = folder.assetcatalog; path = Assets.xcassets; sourceTree = "<group>"; };
		6B0968CD20B9B61A00CC5ED7 /* Base */ = {isa = PBXFileReference; lastKnownFileType = file.storyboard; name = Base; path = Base.lproj/LaunchScreen.storyboard; sourceTree = "<group>"; };
		6B0968CF20B9B61A00CC5ED7 /* Info.plist */ = {isa = PBXFileReference; lastKnownFileType = text.plist.xml; path = Info.plist; sourceTree = "<group>"; };
		6B0968D420B9B61A00CC5ED7 /* CountryTests.xctest */ = {isa = PBXFileReference; explicitFileType = wrapper.cfbundle; includeInIndex = 0; path = CountryTests.xctest; sourceTree = BUILT_PRODUCTS_DIR; };
		6B0968D820B9B61A00CC5ED7 /* CountryTests.swift */ = {isa = PBXFileReference; lastKnownFileType = sourcecode.swift; path = CountryTests.swift; sourceTree = "<group>"; };
		6B0968DA20B9B61A00CC5ED7 /* Info.plist */ = {isa = PBXFileReference; lastKnownFileType = text.plist.xml; path = Info.plist; sourceTree = "<group>"; };
		6B0968E320B9B68900CC5ED7 /* Podfile */ = {isa = PBXFileReference; lastKnownFileType = text; path = Podfile; sourceTree = "<group>"; };
		6B0968E520B9B98600CC5ED7 /* CountryViewController.swift */ = {isa = PBXFileReference; lastKnownFileType = sourcecode.swift; path = CountryViewController.swift; sourceTree = "<group>"; };
		6B0968E720B9BBC700CC5ED7 /* ContryInfo.swift */ = {isa = PBXFileReference; lastKnownFileType = sourcecode.swift; path = ContryInfo.swift; sourceTree = "<group>"; };
		6B0968E920B9C82100CC5ED7 /* GetCountry.swift */ = {isa = PBXFileReference; lastKnownFileType = sourcecode.swift; path = GetCountry.swift; sourceTree = "<group>"; };
		887FF02844043E5E3534F814 /* Pods-Country.debug.xcconfig */ = {isa = PBXFileReference; includeInIndex = 1; lastKnownFileType = text.xcconfig; name = "Pods-Country.debug.xcconfig"; path = "Pods/Target Support Files/Pods-Country/Pods-Country.debug.xcconfig"; sourceTree = "<group>"; };
		A9017BFB084D7A64834AD2A5 /* Pods-Country.release.xcconfig */ = {isa = PBXFileReference; includeInIndex = 1; lastKnownFileType = text.xcconfig; name = "Pods-Country.release.xcconfig"; path = "Pods/Target Support Files/Pods-Country/Pods-Country.release.xcconfig"; sourceTree = "<group>"; };
		B86C4D1D37F16A025914AE54 /* Pods_Country.framework */ = {isa = PBXFileReference; explicitFileType = wrapper.framework; includeInIndex = 0; path = Pods_Country.framework; sourceTree = BUILT_PRODUCTS_DIR; };
/* End PBXFileReference section */

/* Begin PBXFrameworksBuildPhase section */
		6B0968BA20B9B61800CC5ED7 /* Frameworks */ = {
			isa = PBXFrameworksBuildPhase;
			buildActionMask = 2147483647;
			files = (
				015437D1A305473BA6A20441 /* Pods_Country.framework in Frameworks */,
			);
			runOnlyForDeploymentPostprocessing = 0;
		};
		6B0968D120B9B61A00CC5ED7 /* Frameworks */ = {
			isa = PBXFrameworksBuildPhase;
			buildActionMask = 2147483647;
			files = (
			);
			runOnlyForDeploymentPostprocessing = 0;
		};
/* End PBXFrameworksBuildPhase section */

/* Begin PBXGroup section */
		4240D2C206B8D6C178F2A7A7 /* Frameworks */ = {
			isa = PBXGroup;
			children = (
				B86C4D1D37F16A025914AE54 /* Pods_Country.framework */,
			);
			name = Frameworks;
			sourceTree = "<group>";
		};
		6B0968B420B9B61800CC5ED7 = {
			isa = PBXGroup;
			children = (
				6B0968E320B9B68900CC5ED7 /* Podfile */,
				6B0968BF20B9B61800CC5ED7 /* Country */,
				6B0968D720B9B61A00CC5ED7 /* CountryTests */,
				6B0968BE20B9B61800CC5ED7 /* Products */,
				E81E5A777A9DC3DE808CA5A3 /* Pods */,
				4240D2C206B8D6C178F2A7A7 /* Frameworks */,
			);
			sourceTree = "<group>";
		};
		6B0968BE20B9B61800CC5ED7 /* Products */ = {
			isa = PBXGroup;
			children = (
				6B0968BD20B9B61800CC5ED7 /* Country.app */,
				6B0968D420B9B61A00CC5ED7 /* CountryTests.xctest */,
			);
			name = Products;
			sourceTree = "<group>";
		};
		6B0968BF20B9B61800CC5ED7 /* Country */ = {
			isa = PBXGroup;
			children = (
				6B0968C020B9B61800CC5ED7 /* AppDelegate.swift */,
				6B0968C220B9B61800CC5ED7 /* ListViewController.swift */,
				6B0968E520B9B98600CC5ED7 /* CountryViewController.swift */,
				6B0968E920B9C82100CC5ED7 /* GetCountry.swift */,
				6B0968E720B9BBC700CC5ED7 /* ContryInfo.swift */,
				6B0968C420B9B61800CC5ED7 /* Main.storyboard */,
				6B0968CA20B9B61A00CC5ED7 /* Assets.xcassets */,
				6B0968CC20B9B61A00CC5ED7 /* LaunchScreen.storyboard */,
				6B0968CF20B9B61A00CC5ED7 /* Info.plist */,
				6B0968C720B9B61800CC5ED7 /* Country.xcdatamodeld */,
			);
			path = Country;
			sourceTree = "<group>";
		};
		6B0968D720B9B61A00CC5ED7 /* CountryTests */ = {
			isa = PBXGroup;
			children = (
				6B0968D820B9B61A00CC5ED7 /* CountryTests.swift */,
				6B0968DA20B9B61A00CC5ED7 /* Info.plist */,
			);
			path = CountryTests;
			sourceTree = "<group>";
		};
		E81E5A777A9DC3DE808CA5A3 /* Pods */ = {
			isa = PBXGroup;
			children = (
				887FF02844043E5E3534F814 /* Pods-Country.debug.xcconfig */,
				A9017BFB084D7A64834AD2A5 /* Pods-Country.release.xcconfig */,
			);
			name = Pods;
			sourceTree = "<group>";
		};
/* End PBXGroup section */

/* Begin PBXNativeTarget section */
		6B0968BC20B9B61800CC5ED7 /* Country */ = {
			isa = PBXNativeTarget;
			buildConfigurationList = 6B0968DD20B9B61A00CC5ED7 /* Build configuration list for PBXNativeTarget "Country" */;
			buildPhases = (
				5BBFE373AE7948A3254CF297 /* [CP] Check Pods Manifest.lock */,
				6B0968B920B9B61800CC5ED7 /* Sources */,
				6B0968BA20B9B61800CC5ED7 /* Frameworks */,
				6B0968BB20B9B61800CC5ED7 /* Resources */,
				1CF9581E01116FA6AC799244 /* [CP] Embed Pods Frameworks */,
			);
			buildRules = (
			);
			dependencies = (
			);
			name = Country;
			productName = Country;
			productReference = 6B0968BD20B9B61800CC5ED7 /* Country.app */;
			productType = "com.apple.product-type.application";
		};
		6B0968D320B9B61A00CC5ED7 /* CountryTests */ = {
			isa = PBXNativeTarget;
			buildConfigurationList = 6B0968E020B9B61A00CC5ED7 /* Build configuration list for PBXNativeTarget "CountryTests" */;
			buildPhases = (
				6B0968D020B9B61A00CC5ED7 /* Sources */,
				6B0968D120B9B61A00CC5ED7 /* Frameworks */,
				6B0968D220B9B61A00CC5ED7 /* Resources */,
			);
			buildRules = (
			);
			dependencies = (
				6B0968D620B9B61A00CC5ED7 /* PBXTargetDependency */,
			);
			name = CountryTests;
			productName = CountryTests;
			productReference = 6B0968D420B9B61A00CC5ED7 /* CountryTests.xctest */;
			productType = "com.apple.product-type.bundle.unit-test";
		};
/* End PBXNativeTarget section */

/* Begin PBXProject section */
		6B0968B520B9B61800CC5ED7 /* Project object */ = {
			isa = PBXProject;
			attributes = {
				LastSwiftUpdateCheck = 0930;
				LastUpgradeCheck = 0930;
				ORGANIZATIONNAME = user139556;
				TargetAttributes = {
					6B0968BC20B9B61800CC5ED7 = {
						CreatedOnToolsVersion = 9.3;
					};
					6B0968D320B9B61A00CC5ED7 = {
						CreatedOnToolsVersion = 9.3;
						TestTargetID = 6B0968BC20B9B61800CC5ED7;
					};
				};
			};
			buildConfigurationList = 6B0968B820B9B61800CC5ED7 /* Build configuration list for PBXProject "Country" */;
			compatibilityVersion = "Xcode 9.3";
			developmentRegion = en;
			hasScannedForEncodings = 0;
			knownRegions = (
				en,
				Base,
			);
			mainGroup = 6B0968B420B9B61800CC5ED7;
			productRefGroup = 6B0968BE20B9B61800CC5ED7 /* Products */;
			projectDirPath = "";
			projectRoot = "";
			targets = (
				6B0968BC20B9B61800CC5ED7 /* Country */,
				6B0968D320B9B61A00CC5ED7 /* CountryTests */,
			);
		};
/* End PBXProject section */

/* Begin PBXResourcesBuildPhase section */
		6B0968BB20B9B61800CC5ED7 /* Resources */ = {
			isa = PBXResourcesBuildPhase;
			buildActionMask = 2147483647;
			files = (
				6B0968CE20B9B61A00CC5ED7 /* LaunchScreen.storyboard in Resources */,
				6B0968CB20B9B61A00CC5ED7 /* Assets.xcassets in Resources */,
				6B0968C620B9B61800CC5ED7 /* Main.storyboard in Resources */,
			);
			runOnlyForDeploymentPostprocessing = 0;
		};
		6B0968D220B9B61A00CC5ED7 /* Resources */ = {
			isa = PBXResourcesBuildPhase;
			buildActionMask = 2147483647;
			files = (
			);
			runOnlyForDeploymentPostprocessing = 0;
		};
/* End PBXResourcesBuildPhase section */

/* Begin PBXShellScriptBuildPhase section */
		1CF9581E01116FA6AC799244 /* [CP] Embed Pods Frameworks */ = {
			isa = PBXShellScriptBuildPhase;
			buildActionMask = 2147483647;
			files = (
			);
			inputPaths = (
				"${SRCROOT}/Pods/Target Support Files/Pods-Country/Pods-Country-frameworks.sh",
				"${BUILT_PRODUCTS_DIR}/Alamofire/Alamofire.framework",
			);
			name = "[CP] Embed Pods Frameworks";
			outputPaths = (
				"${TARGET_BUILD_DIR}/${FRAMEWORKS_FOLDER_PATH}/Alamofire.framework",
			);
			runOnlyForDeploymentPostprocessing = 0;
			shellPath = /bin/sh;
			shellScript = "\"${SRCROOT}/Pods/Target Support Files/Pods-Country/Pods-Country-frameworks.sh\"\n";
			showEnvVarsInLog = 0;
		};
		5BBFE373AE7948A3254CF297 /* [CP] Check Pods Manifest.lock */ = {
			isa = PBXShellScriptBuildPhase;
			buildActionMask = 2147483647;
			files = (
			);
			inputPaths = (
				"${PODS_PODFILE_DIR_PATH}/Podfile.lock",
				"${PODS_ROOT}/Manifest.lock",
			);
			name = "[CP] Check Pods Manifest.lock";
			outputPaths = (
				"$(DERIVED_FILE_DIR)/Pods-Country-checkManifestLockResult.txt",
			);
			runOnlyForDeploymentPostprocessing = 0;
			shellPath = /bin/sh;
			shellScript = "diff \"${PODS_PODFILE_DIR_PATH}/Podfile.lock\" \"${PODS_ROOT}/Manifest.lock\" > /dev/null\nif [ $? != 0 ] ; then\n    # print error to STDERR\n    echo \"error: The sandbox is not in sync with the Podfile.lock. Run 'pod install' or update your CocoaPods installation.\" >&2\n    exit 1\nfi\n# This output is used by Xcode 'outputs' to avoid re-running this script phase.\necho \"SUCCESS\" > \"${SCRIPT_OUTPUT_FILE_0}\"\n";
			showEnvVarsInLog = 0;
		};
/* End PBXShellScriptBuildPhase section */

/* Begin PBXSourcesBuildPhase section */
		6B0968B920B9B61800CC5ED7 /* Sources */ = {
			isa = PBXSourcesBuildPhase;
			buildActionMask = 2147483647;
			files = (
				6B0968E820B9BBC700CC5ED7 /* ContryInfo.swift in Sources */,
				6B0968C320B9B61800CC5ED7 /* ListViewController.swift in Sources */,
				6B0968C120B9B61800CC5ED7 /* AppDelegate.swift in Sources */,
				6B0968C920B9B61800CC5ED7 /* Country.xcdatamodeld in Sources */,
				6B0968EA20B9C82100CC5ED7 /* GetCountry.swift in Sources */,
				6B0968E620B9B98600CC5ED7 /* CountryViewController.swift in Sources */,
				6B0968E420B9B68900CC5ED7 /* Podfile in Sources */,
			);
			runOnlyForDeploymentPostprocessing = 0;
		};
		6B0968D020B9B61A00CC5ED7 /* Sources */ = {
			isa = PBXSourcesBuildPhase;
			buildActionMask = 2147483647;
			files = (
				6B0968D920B9B61A00CC5ED7 /* CountryTests.swift in Sources */,
			);
			runOnlyForDeploymentPostprocessing = 0;
		};
/* End PBXSourcesBuildPhase section */

/* Begin PBXTargetDependency section */
		6B0968D620B9B61A00CC5ED7 /* PBXTargetDependency */ = {
			isa = PBXTargetDependency;
			target = 6B0968BC20B9B61800CC5ED7 /* Country */;
			targetProxy = 6B0968D520B9B61A00CC5ED7 /* PBXContainerItemProxy */;
		};
/* End PBXTargetDependency section */

/* Begin PBXVariantGroup section */
		6B0968C420B9B61800CC5ED7 /* Main.storyboard */ = {
			isa = PBXVariantGroup;
			children = (
				6B0968C520B9B61800CC5ED7 /* Base */,
			);
			name = Main.storyboard;
			sourceTree = "<group>";
		};
		6B0968CC20B9B61A00CC5ED7 /* LaunchScreen.storyboard */ = {
			isa = PBXVariantGroup;
			children = (
				6B0968CD20B9B61A00CC5ED7 /* Base */,
			);
			name = LaunchScreen.storyboard;
			sourceTree = "<group>";
		};
/* End PBXVariantGroup section */

/* Begin XCBuildConfiguration section */
		6B0968DB20B9B61A00CC5ED7 /* Debug */ = {
			isa = XCBuildConfiguration;
			buildSettings = {
				ALWAYS_SEARCH_USER_PATHS = NO;
				CLANG_ANALYZER_NONNULL = YES;
				CLANG_ANALYZER_NUMBER_OBJECT_CONVERSION = YES_AGGRESSIVE;
				CLANG_CXX_LANGUAGE_STANDARD = "gnu++14";
				CLANG_CXX_LIBRARY = "libc++";
				CLANG_ENABLE_MODULES = YES;
				CLANG_ENABLE_OBJC_ARC = YES;
				CLANG_ENABLE_OBJC_WEAK = YES;
				CLANG_WARN_BLOCK_CAPTURE_AUTORELEASING = YES;
				CLANG_WARN_BOOL_CONVERSION = YES;
				CLANG_WARN_COMMA = YES;
				CLANG_WARN_CONSTANT_CONVERSION = YES;
				CLANG_WARN_DEPRECATED_OBJC_IMPLEMENTATIONS = YES;
				CLANG_WARN_DIRECT_OBJC_ISA_USAGE = YES_ERROR;
				CLANG_WARN_DOCUMENTATION_COMMENTS = YES;
				CLANG_WARN_EMPTY_BODY = YES;
				CLANG_WARN_ENUM_CONVERSION = YES;
				CLANG_WARN_INFINITE_RECURSION = YES;
				CLANG_WARN_INT_CONVERSION = YES;
				CLANG_WARN_NON_LITERAL_NULL_CONVERSION = YES;
				CLANG_WARN_OBJC_IMPLICIT_RETAIN_SELF = YES;
				CLANG_WARN_OBJC_LITERAL_CONVERSION = YES;
				CLANG_WARN_OBJC_ROOT_CLASS = YES_ERROR;
				CLANG_WARN_RANGE_LOOP_ANALYSIS = YES;
				CLANG_WARN_STRICT_PROTOTYPES = YES;
				CLANG_WARN_SUSPICIOUS_MOVE = YES;
				CLANG_WARN_UNGUARDED_AVAILABILITY = YES_AGGRESSIVE;
				CLANG_WARN_UNREACHABLE_CODE = YES;
				CLANG_WARN__DUPLICATE_METHOD_MATCH = YES;
				CODE_SIGN_IDENTITY = "iPhone Developer";
				COPY_PHASE_STRIP = NO;
				DEBUG_INFORMATION_FORMAT = dwarf;
				ENABLE_STRICT_OBJC_MSGSEND = YES;
				ENABLE_TESTABILITY = YES;
				GCC_C_LANGUAGE_STANDARD = gnu11;
				GCC_DYNAMIC_NO_PIC = NO;
				GCC_NO_COMMON_BLOCKS = YES;
				GCC_OPTIMIZATION_LEVEL = 0;
				GCC_PREPROCESSOR_DEFINITIONS = (
					"DEBUG=1",
					"$(inherited)",
				);
				GCC_WARN_64_TO_32_BIT_CONVERSION = YES;
				GCC_WARN_ABOUT_RETURN_TYPE = YES_ERROR;
				GCC_WARN_UNDECLARED_SELECTOR = YES;
				GCC_WARN_UNINITIALIZED_AUTOS = YES_AGGRESSIVE;
				GCC_WARN_UNUSED_FUNCTION = YES;
				GCC_WARN_UNUSED_VARIABLE = YES;
				IPHONEOS_DEPLOYMENT_TARGET = 11.3;
				MTL_ENABLE_DEBUG_INFO = YES;
				ONLY_ACTIVE_ARCH = YES;
				SDKROOT = iphoneos;
				SWIFT_ACTIVE_COMPILATION_CONDITIONS = DEBUG;
				SWIFT_OPTIMIZATION_LEVEL = "-Onone";
			};
			name = Debug;
		};
		6B0968DC20B9B61A00CC5ED7 /* Release */ = {
			isa = XCBuildConfiguration;
			buildSettings = {
				ALWAYS_SEARCH_USER_PATHS = NO;
				CLANG_ANALYZER_NONNULL = YES;
				CLANG_ANALYZER_NUMBER_OBJECT_CONVERSION = YES_AGGRESSIVE;
				CLANG_CXX_LANGUAGE_STANDARD = "gnu++14";
				CLANG_CXX_LIBRARY = "libc++";
				CLANG_ENABLE_MODULES = YES;
				CLANG_ENABLE_OBJC_ARC = YES;
				CLANG_ENABLE_OBJC_WEAK = YES;
				CLANG_WARN_BLOCK_CAPTURE_AUTORELEASING = YES;
				CLANG_WARN_BOOL_CONVERSION = YES;
				CLANG_WARN_COMMA = YES;
				CLANG_WARN_CONSTANT_CONVERSION = YES;
				CLANG_WARN_DEPRECATED_OBJC_IMPLEMENTATIONS = YES;
				CLANG_WARN_DIRECT_OBJC_ISA_USAGE = YES_ERROR;
				CLANG_WARN_DOCUMENTATION_COMMENTS = YES;
				CLANG_WARN_EMPTY_BODY = YES;
				CLANG_WARN_ENUM_CONVERSION = YES;
				CLANG_WARN_INFINITE_RECURSION = YES;
				CLANG_WARN_INT_CONVERSION = YES;
				CLANG_WARN_NON_LITERAL_NULL_CONVERSION = YES;
				CLANG_WARN_OBJC_IMPLICIT_RETAIN_SELF = YES;
				CLANG_WARN_OBJC_LITERAL_CONVERSION = YES;
				CLANG_WARN_OBJC_ROOT_CLASS = YES_ERROR;
				CLANG_WARN_RANGE_LOOP_ANALYSIS = YES;
				CLANG_WARN_STRICT_PROTOTYPES = YES;
				CLANG_WARN_SUSPICIOUS_MOVE = YES;
				CLANG_WARN_UNGUARDED_AVAILABILITY = YES_AGGRESSIVE;
				CLANG_WARN_UNREACHABLE_CODE = YES;
				CLANG_WARN__DUPLICATE_METHOD_MATCH = YES;
				CODE_SIGN_IDENTITY = "iPhone Developer";
				COPY_PHASE_STRIP = NO;
				DEBUG_INFORMATION_FORMAT = "dwarf-with-dsym";
				ENABLE_NS_ASSERTIONS = NO;
				ENABLE_STRICT_OBJC_MSGSEND = YES;
				GCC_C_LANGUAGE_STANDARD = gnu11;
				GCC_NO_COMMON_BLOCKS = YES;
				GCC_WARN_64_TO_32_BIT_CONVERSION = YES;
				GCC_WARN_ABOUT_RETURN_TYPE = YES_ERROR;
				GCC_WARN_UNDECLARED_SELECTOR = YES;
				GCC_WARN_UNINITIALIZED_AUTOS = YES_AGGRESSIVE;
				GCC_WARN_UNUSED_FUNCTION = YES;
				GCC_WARN_UNUSED_VARIABLE = YES;
				IPHONEOS_DEPLOYMENT_TARGET = 11.3;
				MTL_ENABLE_DEBUG_INFO = NO;
				SDKROOT = iphoneos;
				SWIFT_COMPILATION_MODE = wholemodule;
				SWIFT_OPTIMIZATION_LEVEL = "-O";
				VALIDATE_PRODUCT = YES;
			};
			name = Release;
		};
		6B0968DE20B9B61A00CC5ED7 /* Debug */ = {
			isa = XCBuildConfiguration;
			baseConfigurationReference = 887FF02844043E5E3534F814 /* Pods-Country.debug.xcconfig */;
			buildSettings = {
				ASSETCATALOG_COMPILER_APPICON_NAME = AppIcon;
				CODE_SIGN_STYLE = Automatic;
				DEVELOPMENT_TEAM = Z6JBGG2DNK;
				INFOPLIST_FILE = Country/Info.plist;
				LD_RUNPATH_SEARCH_PATHS = (
					"$(inherited)",
					"@executable_path/Frameworks",
				);
				PRODUCT_BUNDLE_IDENTIFIER = com.gulyaeffvitalya.Country;
				PRODUCT_NAME = "$(TARGET_NAME)";
				SWIFT_VERSION = 4.0;
				TARGETED_DEVICE_FAMILY = "1,2";
			};
			name = Debug;
		};
		6B0968DF20B9B61A00CC5ED7 /* Release */ = {
			isa = XCBuildConfiguration;
			baseConfigurationReference = A9017BFB084D7A64834AD2A5 /* Pods-Country.release.xcconfig */;
			buildSettings = {
				ASSETCATALOG_COMPILER_APPICON_NAME = AppIcon;
				CODE_SIGN_STYLE = Automatic;
				DEVELOPMENT_TEAM = Z6JBGG2DNK;
				INFOPLIST_FILE = Country/Info.plist;
				LD_RUNPATH_SEARCH_PATHS = (
					"$(inherited)",
					"@executable_path/Frameworks",
				);
				PRODUCT_BUNDLE_IDENTIFIER = com.gulyaeffvitalya.Country;
				PRODUCT_NAME = "$(TARGET_NAME)";
				SWIFT_VERSION = 4.0;
				TARGETED_DEVICE_FAMILY = "1,2";
			};
			name = Release;
		};
		6B0968E120B9B61A00CC5ED7 /* Debug */ = {
			isa = XCBuildConfiguration;
			buildSettings = {
				ALWAYS_EMBED_SWIFT_STANDARD_LIBRARIES = YES;
				BUNDLE_LOADER = "$(TEST_HOST)";
				CODE_SIGN_STYLE = Automatic;
				DEVELOPMENT_TEAM = Z6JBGG2DNK;
				INFOPLIST_FILE = CountryTests/Info.plist;
				LD_RUNPATH_SEARCH_PATHS = (
					"$(inherited)",
					"@executable_path/Frameworks",
					"@loader_path/Frameworks",
				);
				PRODUCT_BUNDLE_IDENTIFIER = com.gulyaeffvitalya.CountryTests;
				PRODUCT_NAME = "$(TARGET_NAME)";
				SWIFT_VERSION = 4.0;
				TARGETED_DEVICE_FAMILY = "1,2";
				TEST_HOST = "$(BUILT_PRODUCTS_DIR)/Country.app/Country";
			};
			name = Debug;
		};
		6B0968E220B9B61A00CC5ED7 /* Release */ = {
			isa = XCBuildConfiguration;
			buildSettings = {
				ALWAYS_EMBED_SWIFT_STANDARD_LIBRARIES = YES;
				BUNDLE_LOADER = "$(TEST_HOST)";
				CODE_SIGN_STYLE = Automatic;
				DEVELOPMENT_TEAM = Z6JBGG2DNK;
				INFOPLIST_FILE = CountryTests/Info.plist;
				LD_RUNPATH_SEARCH_PATHS = (
					"$(inherited)",
					"@executable_path/Frameworks",
					"@loader_path/Frameworks",
				);
				PRODUCT_BUNDLE_IDENTIFIER = com.gulyaeffvitalya.CountryTests;
				PRODUCT_NAME = "$(TARGET_NAME)";
				SWIFT_VERSION = 4.0;
				TARGETED_DEVICE_FAMILY = "1,2";
				TEST_HOST = "$(BUILT_PRODUCTS_DIR)/Country.app/Country";
			};
			name = Release;
		};
/* End XCBuildConfiguration section */

/* Begin XCConfigurationList section */
		6B0968B820B9B61800CC5ED7 /* Build configuration list for PBXProject "Country" */ = {
			isa = XCConfigurationList;
			buildConfigurations = (
				6B0968DB20B9B61A00CC5ED7 /* Debug */,
				6B0968DC20B9B61A00CC5ED7 /* Release */,
			);
			defaultConfigurationIsVisible = 0;
			defaultConfigurationName = Release;
		};
		6B0968DD20B9B61A00CC5ED7 /* Build configuration list for PBXNativeTarget "Country" */ = {
			isa = XCConfigurationList;
			buildConfigurations = (
				6B0968DE20B9B61A00CC5ED7 /* Debug */,
				6B0968DF20B9B61A00CC5ED7 /* Release */,
			);
			defaultConfigurationIsVisible = 0;
			defaultConfigurationName = Release;
		};
		6B0968E020B9B61A00CC5ED7 /* Build configuration list for PBXNativeTarget "CountryTests" */ = {
			isa = XCConfigurationList;
			buildConfigurations = (
				6B0968E120B9B61A00CC5ED7 /* Debug */,
				6B0968E220B9B61A00CC5ED7 /* Release */,
			);
			defaultConfigurationIsVisible = 0;
			defaultConfigurationName = Release;
		};
/* End XCConfigurationList section */

/* Begin XCVersionGroup section */
		6B0968C720B9B61800CC5ED7 /* Country.xcdatamodeld */ = {
			isa = XCVersionGroup;
			children = (
				6B0968C820B9B61800CC5ED7 /* Country.xcdatamodel */,
			);
			currentVersion = 6B0968C820B9B61800CC5ED7 /* Country.xcdatamodel */;
			path = Country.xcdatamodeld;
			sourceTree = "<group>";
			versionGroupType = wrapper.xcdatamodel;
		};
/* End XCVersionGroup section */
	};
	rootObject = 6B0968B520B9B61800CC5ED7 /* Project object */;
}
